
Microsoft Visual Studio Solution File, Format Version 12.00
# Visual Studio 15
VisualStudioVersion = 15.0.27130.2010
MinimumVisualStudioVersion = 10.0.40219.1
Project("{FAE04EC0-301F-11D3-BF4B-00C04F79EFBC}") = "dotNet5778_project01_315285494_211486493", "dotNet5778_project01_315285494_211486493\dotNet5778_project01_315285494_211486493.csproj", "{2CCCB1AD-3EFF-435D-B225-F968CA93F51F}"
EndProject
Global
	GlobalSection(SolutionConfigurationPlatforms) = preSolution
		Debug|Any CPU = Debug|Any CPU
		Release|Any CPU = Release|Any CPU
	EndGlobalSection
	GlobalSection(ProjectConfigurationPlatforms) = postSolution
		{2CCCB1AD-3EFF-435D-B225-F968CA93F51F}.Debug|Any CPU.ActiveCfg = Debug|Any CPU
		{2CCCB1AD-3EFF-435D-B225-F968CA93F51F}.Debug|Any CPU.Build.0 = Debug|Any CPU
		{2CCCB1AD-3EFF-435D-B225-F968CA93F51F}.Release|Any CPU.ActiveCfg = Release|Any CPU
		{2CCCB1AD-3EFF-435D-B225-F968CA93F51F}.Release|Any CPU.Build.0 = Release|Any CPU
	EndGlobalSection
	GlobalSection(SolutionProperties) = preSolution
		HideSolutionNode = FALSE
	EndGlobalSection
	GlobalSection(ExtensibilityGlobals) = postSolution
		SolutionGuid = {6436A892-F5DF-4785-A826-D7BD64673354}
	EndGlobalSection
EndGlobal
